
Microsoft Visual Studio Solution File, Format Version 12.00
# Visual Studio Version 16
VisualStudioVersion = 16.0.32126.315
MinimumVisualStudioVersion = 10.0.40219.1
Project("{2150E333-8FDC-42A3-9474-1A3956D46DE8}") = "Services", "Services", "{D7F8031D-56F2-4C32-B3D8-C99B7F0805BD}"
EndProject
Project("{2150E333-8FDC-42A3-9474-1A3956D46DE8}") = "Catalog", "Catalog", "{66A024B6-D363-4946-9577-6590AC9B2789}"
EndProject
Project("{9A19103F-16F7-4668-BE54-9A1E7A4F7556}") = "Catalog.Api", "Services\Catalog\Catalog.Api\Catalog.Api.csproj", "{C81D4127-73F0-4D3E-9371-D55D8D3F0E01}"
EndProject
Project("{E53339B2-1760-4266-BCC7-CA923CBCF16C}") = "docker-compose", "docker-compose.dcproj", "{5EEFF50E-5878-4075-A301-14FC9E692296}"
EndProject
Project("{2150E333-8FDC-42A3-9474-1A3956D46DE8}") = "Basket", "Basket", "{5BFF710C-BE5C-420B-B3F9-636A6EDCB009}"
EndProject
Project("{9A19103F-16F7-4668-BE54-9A1E7A4F7556}") = "Basket.API", "Services\Basket\Basket.API\Basket.API.csproj", "{1BEB9916-1D84-42CD-A542-4EE8905A1413}"
EndProject
Project("{2150E333-8FDC-42A3-9474-1A3956D46DE8}") = "Discount", "Discount", "{68B0BADE-9B7F-45C6-8F3F-B7DA66F727D6}"
EndProject
Project("{9A19103F-16F7-4668-BE54-9A1E7A4F7556}") = "Discount.API", "Services\Discount\Discount.API\Discount.API.csproj", "{FCDF6533-7F65-496A-9600-3E95E715AE06}"
EndProject
Project("{9A19103F-16F7-4668-BE54-9A1E7A4F7556}") = "Discount.Grpc", "Services\Discount\Discount.Grpc\Discount.Grpc.csproj", "{998A6B36-DD31-45AF-B91B-3DE9EFCF3493}"
EndProject
Project("{2150E333-8FDC-42A3-9474-1A3956D46DE8}") = "Ordering", "Ordering", "{E14F3021-51FE-40E7-8B1D-13557B1AC69A}"
EndProject
Project("{FAE04EC0-301F-11D3-BF4B-00C04F79EFBC}") = "Ordering.API", "Services\Ordering\Ordering.API\Ordering.API.csproj", "{7DF06341-2D13-44BE-9B6C-0B78587D9142}"
EndProject
Project("{FAE04EC0-301F-11D3-BF4B-00C04F79EFBC}") = "Ordering.Domain", "Services\Ordering\Ordering.Domain\Ordering.Domain.csproj", "{58D2C021-10C1-46EE-B1E5-51E71DD64137}"
EndProject
Project("{FAE04EC0-301F-11D3-BF4B-00C04F79EFBC}") = "Ordering.Application", "Services\Ordering\Ordering.Application\Ordering.Application.csproj", "{01278F03-1FD2-479B-9D56-668A0F821D84}"
EndProject
Project("{FAE04EC0-301F-11D3-BF4B-00C04F79EFBC}") = "Ordering.Infrastructure", "Services\Ordering\Ordering.Infrastructure\Ordering.Infrastructure.csproj", "{4A1A6C97-DC34-432D-AC18-703485A0B954}"
EndProject
Global
	GlobalSection(SolutionConfigurationPlatforms) = preSolution
		Debug|Any CPU = Debug|Any CPU
		Release|Any CPU = Release|Any CPU
	EndGlobalSection
	GlobalSection(ProjectConfigurationPlatforms) = postSolution
		{C81D4127-73F0-4D3E-9371-D55D8D3F0E01}.Debug|Any CPU.ActiveCfg = Debug|Any CPU
		{C81D4127-73F0-4D3E-9371-D55D8D3F0E01}.Debug|Any CPU.Build.0 = Debug|Any CPU
		{C81D4127-73F0-4D3E-9371-D55D8D3F0E01}.Release|Any CPU.ActiveCfg = Release|Any CPU
		{C81D4127-73F0-4D3E-9371-D55D8D3F0E01}.Release|Any CPU.Build.0 = Release|Any CPU
		{5EEFF50E-5878-4075-A301-14FC9E692296}.Debug|Any CPU.ActiveCfg = Debug|Any CPU
		{5EEFF50E-5878-4075-A301-14FC9E692296}.Debug|Any CPU.Build.0 = Debug|Any CPU
		{5EEFF50E-5878-4075-A301-14FC9E692296}.Release|Any CPU.ActiveCfg = Release|Any CPU
		{5EEFF50E-5878-4075-A301-14FC9E692296}.Release|Any CPU.Build.0 = Release|Any CPU
		{1BEB9916-1D84-42CD-A542-4EE8905A1413}.Debug|Any CPU.ActiveCfg = Debug|Any CPU
		{1BEB9916-1D84-42CD-A542-4EE8905A1413}.Debug|Any CPU.Build.0 = Debug|Any CPU
		{1BEB9916-1D84-42CD-A542-4EE8905A1413}.Release|Any CPU.ActiveCfg = Release|Any CPU
		{1BEB9916-1D84-42CD-A542-4EE8905A1413}.Release|Any CPU.Build.0 = Release|Any CPU
		{FCDF6533-7F65-496A-9600-3E95E715AE06}.Debug|Any CPU.ActiveCfg = Debug|Any CPU
		{FCDF6533-7F65-496A-9600-3E95E715AE06}.Debug|Any CPU.Build.0 = Debug|Any CPU
		{FCDF6533-7F65-496A-9600-3E95E715AE06}.Release|Any CPU.ActiveCfg = Release|Any CPU
		{FCDF6533-7F65-496A-9600-3E95E715AE06}.Release|Any CPU.Build.0 = Release|Any CPU
		{998A6B36-DD31-45AF-B91B-3DE9EFCF3493}.Debug|Any CPU.ActiveCfg = Debug|Any CPU
		{998A6B36-DD31-45AF-B91B-3DE9EFCF3493}.Debug|Any CPU.Build.0 = Debug|Any CPU
		{998A6B36-DD31-45AF-B91B-3DE9EFCF3493}.Release|Any CPU.ActiveCfg = Release|Any CPU
		{998A6B36-DD31-45AF-B91B-3DE9EFCF3493}.Release|Any CPU.Build.0 = Release|Any CPU
		{7DF06341-2D13-44BE-9B6C-0B78587D9142}.Debug|Any CPU.ActiveCfg = Debug|Any CPU
		{7DF06341-2D13-44BE-9B6C-0B78587D9142}.Debug|Any CPU.Build.0 = Debug|Any CPU
		{7DF06341-2D13-44BE-9B6C-0B78587D9142}.Release|Any CPU.ActiveCfg = Release|Any CPU
		{7DF06341-2D13-44BE-9B6C-0B78587D9142}.Release|Any CPU.Build.0 = Release|Any CPU
		{58D2C021-10C1-46EE-B1E5-51E71DD64137}.Debug|Any CPU.ActiveCfg = Debug|Any CPU
		{58D2C021-10C1-46EE-B1E5-51E71DD64137}.Debug|Any CPU.Build.0 = Debug|Any CPU
		{58D2C021-10C1-46EE-B1E5-51E71DD64137}.Release|Any CPU.ActiveCfg = Release|Any CPU
		{58D2C021-10C1-46EE-B1E5-51E71DD64137}.Release|Any CPU.Build.0 = Release|Any CPU
		{01278F03-1FD2-479B-9D56-668A0F821D84}.Debug|Any CPU.ActiveCfg = Debug|Any CPU
		{01278F03-1FD2-479B-9D56-668A0F821D84}.Debug|Any CPU.Build.0 = Debug|Any CPU
		{01278F03-1FD2-479B-9D56-668A0F821D84}.Release|Any CPU.ActiveCfg = Release|Any CPU
		{01278F03-1FD2-479B-9D56-668A0F821D84}.Release|Any CPU.Build.0 = Release|Any CPU
		{4A1A6C97-DC34-432D-AC18-703485A0B954}.Debug|Any CPU.ActiveCfg = Debug|Any CPU
		{4A1A6C97-DC34-432D-AC18-703485A0B954}.Debug|Any CPU.Build.0 = Debug|Any CPU
		{4A1A6C97-DC34-432D-AC18-703485A0B954}.Release|Any CPU.ActiveCfg = Release|Any CPU
		{4A1A6C97-DC34-432D-AC18-703485A0B954}.Release|Any CPU.Build.0 = Release|Any CPU
	EndGlobalSection
	GlobalSection(SolutionProperties) = preSolution
		HideSolutionNode = FALSE
	EndGlobalSection
	GlobalSection(NestedProjects) = preSolution
		{66A024B6-D363-4946-9577-6590AC9B2789} = {D7F8031D-56F2-4C32-B3D8-C99B7F0805BD}
		{C81D4127-73F0-4D3E-9371-D55D8D3F0E01} = {66A024B6-D363-4946-9577-6590AC9B2789}
		{5BFF710C-BE5C-420B-B3F9-636A6EDCB009} = {D7F8031D-56F2-4C32-B3D8-C99B7F0805BD}
		{1BEB9916-1D84-42CD-A542-4EE8905A1413} = {5BFF710C-BE5C-420B-B3F9-636A6EDCB009}
		{68B0BADE-9B7F-45C6-8F3F-B7DA66F727D6} = {D7F8031D-56F2-4C32-B3D8-C99B7F0805BD}
		{FCDF6533-7F65-496A-9600-3E95E715AE06} = {68B0BADE-9B7F-45C6-8F3F-B7DA66F727D6}
		{998A6B36-DD31-45AF-B91B-3DE9EFCF3493} = {68B0BADE-9B7F-45C6-8F3F-B7DA66F727D6}
		{E14F3021-51FE-40E7-8B1D-13557B1AC69A} = {D7F8031D-56F2-4C32-B3D8-C99B7F0805BD}
		{7DF06341-2D13-44BE-9B6C-0B78587D9142} = {E14F3021-51FE-40E7-8B1D-13557B1AC69A}
		{58D2C021-10C1-46EE-B1E5-51E71DD64137} = {E14F3021-51FE-40E7-8B1D-13557B1AC69A}
		{01278F03-1FD2-479B-9D56-668A0F821D84} = {E14F3021-51FE-40E7-8B1D-13557B1AC69A}
		{4A1A6C97-DC34-432D-AC18-703485A0B954} = {E14F3021-51FE-40E7-8B1D-13557B1AC69A}
	EndGlobalSection
	GlobalSection(ExtensibilityGlobals) = postSolution
		SolutionGuid = {ACC0842F-AD45-49CE-A800-D6532250AC83}
	EndGlobalSection
EndGlobal
