
Microsoft Visual Studio Solution File, Format Version 12.00
# Visual Studio Version 16
VisualStudioVersion = 16.0.32126.315
MinimumVisualStudioVersion = 10.0.40219.1
Project("{2150E333-8FDC-42A3-9474-1A3956D46DE8}") = "Services", "Services", "{D7F8031D-56F2-4C32-B3D8-C99B7F0805BD}"
EndProject
Project("{2150E333-8FDC-42A3-9474-1A3956D46DE8}") = "Catalog", "Catalog", "{66A024B6-D363-4946-9577-6590AC9B2789}"
EndProject
Project("{FAE04EC0-301F-11D3-BF4B-00C04F79EFBC}") = "Catalog.Api", "Services\Catalog\Catalog.Api\Catalog.Api.csproj", "{C81D4127-73F0-4D3E-9371-D55D8D3F0E01}"
EndProject
Global
	GlobalSection(SolutionConfigurationPlatforms) = preSolution
		Debug|Any CPU = Debug|Any CPU
		Release|Any CPU = Release|Any CPU
	EndGlobalSection
	GlobalSection(ProjectConfigurationPlatforms) = postSolution
		{C81D4127-73F0-4D3E-9371-D55D8D3F0E01}.Debug|Any CPU.ActiveCfg = Debug|Any CPU
		{C81D4127-73F0-4D3E-9371-D55D8D3F0E01}.Debug|Any CPU.Build.0 = Debug|Any CPU
		{C81D4127-73F0-4D3E-9371-D55D8D3F0E01}.Release|Any CPU.ActiveCfg = Release|Any CPU
		{C81D4127-73F0-4D3E-9371-D55D8D3F0E01}.Release|Any CPU.Build.0 = Release|Any CPU
	EndGlobalSection
	GlobalSection(SolutionProperties) = preSolution
		HideSolutionNode = FALSE
	EndGlobalSection
	GlobalSection(NestedProjects) = preSolution
		{66A024B6-D363-4946-9577-6590AC9B2789} = {D7F8031D-56F2-4C32-B3D8-C99B7F0805BD}
		{C81D4127-73F0-4D3E-9371-D55D8D3F0E01} = {66A024B6-D363-4946-9577-6590AC9B2789}
	EndGlobalSection
	GlobalSection(ExtensibilityGlobals) = postSolution
		SolutionGuid = {ACC0842F-AD45-49CE-A800-D6532250AC83}
	EndGlobalSection
EndGlobal
